
Microsoft Visual Studio Solution File, Format Version 12.00
# Visual Studio Version 17
VisualStudioVersion = 17.6.33801.468
MinimumVisualStudioVersion = 10.0.40219.1
Project("{9A19103F-16F7-4668-BE54-9A1E7A4F7556}") = "Calculator", "Abfrage_B\Calculator.csproj", "{321EB1C0-C74E-4279-9B5B-9250C4A67E8F}"
EndProject
Project("{9A19103F-16F7-4668-BE54-9A1E7A4F7556}") = "GuessingGame", "GuessingGame\GuessingGame.csproj", "{7A8B42A4-7600-4D3A-B868-9AC3AF4941F8}"
EndProject
Project("{9A19103F-16F7-4668-BE54-9A1E7A4F7556}") = "Pharmakonzern", "Pharmakonzern\Pharmakonzern.csproj", "{218CEF9D-E80F-4AC6-86F4-2E78C3E94D87}"
EndProject
Project("{9A19103F-16F7-4668-BE54-9A1E7A4F7556}") = "Kredito", "Kredito\Kredito.csproj", "{23D55334-C6FD-4909-A0F0-53A7669FE265}"
EndProject
Project("{9A19103F-16F7-4668-BE54-9A1E7A4F7556}") = "Zahlendreieck", "Zahlendreieck\Zahlendreieck.csproj", "{82AE33C4-BB53-4B3C-8EEC-85C287F7E05F}"
EndProject
Project("{9A19103F-16F7-4668-BE54-9A1E7A4F7556}") = "Formen", "Formel\Formen.csproj", "{151C0A67-602F-4F14-B8C4-7D3A59AF5B45}"
EndProject
Project("{FAE04EC0-301F-11D3-BF4B-00C04F79EFBC}") = "Getraenke", "Getraenke\Getraenke.csproj", "{DE3CB28E-8B2E-4958-AB7F-E007DB2CA139}"
EndProject
Global
	GlobalSection(SolutionConfigurationPlatforms) = preSolution
		Debug|Any CPU = Debug|Any CPU
		Release|Any CPU = Release|Any CPU
	EndGlobalSection
	GlobalSection(ProjectConfigurationPlatforms) = postSolution
		{321EB1C0-C74E-4279-9B5B-9250C4A67E8F}.Debug|Any CPU.ActiveCfg = Debug|Any CPU
		{321EB1C0-C74E-4279-9B5B-9250C4A67E8F}.Debug|Any CPU.Build.0 = Debug|Any CPU
		{321EB1C0-C74E-4279-9B5B-9250C4A67E8F}.Release|Any CPU.ActiveCfg = Release|Any CPU
		{321EB1C0-C74E-4279-9B5B-9250C4A67E8F}.Release|Any CPU.Build.0 = Release|Any CPU
		{7A8B42A4-7600-4D3A-B868-9AC3AF4941F8}.Debug|Any CPU.ActiveCfg = Debug|Any CPU
		{7A8B42A4-7600-4D3A-B868-9AC3AF4941F8}.Debug|Any CPU.Build.0 = Debug|Any CPU
		{7A8B42A4-7600-4D3A-B868-9AC3AF4941F8}.Release|Any CPU.ActiveCfg = Release|Any CPU
		{7A8B42A4-7600-4D3A-B868-9AC3AF4941F8}.Release|Any CPU.Build.0 = Release|Any CPU
		{218CEF9D-E80F-4AC6-86F4-2E78C3E94D87}.Debug|Any CPU.ActiveCfg = Debug|Any CPU
		{218CEF9D-E80F-4AC6-86F4-2E78C3E94D87}.Debug|Any CPU.Build.0 = Debug|Any CPU
		{218CEF9D-E80F-4AC6-86F4-2E78C3E94D87}.Release|Any CPU.ActiveCfg = Release|Any CPU
		{218CEF9D-E80F-4AC6-86F4-2E78C3E94D87}.Release|Any CPU.Build.0 = Release|Any CPU
		{23D55334-C6FD-4909-A0F0-53A7669FE265}.Debug|Any CPU.ActiveCfg = Debug|Any CPU
		{23D55334-C6FD-4909-A0F0-53A7669FE265}.Debug|Any CPU.Build.0 = Debug|Any CPU
		{23D55334-C6FD-4909-A0F0-53A7669FE265}.Release|Any CPU.ActiveCfg = Release|Any CPU
		{23D55334-C6FD-4909-A0F0-53A7669FE265}.Release|Any CPU.Build.0 = Release|Any CPU
		{82AE33C4-BB53-4B3C-8EEC-85C287F7E05F}.Debug|Any CPU.ActiveCfg = Debug|Any CPU
		{82AE33C4-BB53-4B3C-8EEC-85C287F7E05F}.Debug|Any CPU.Build.0 = Debug|Any CPU
		{82AE33C4-BB53-4B3C-8EEC-85C287F7E05F}.Release|Any CPU.ActiveCfg = Release|Any CPU
		{82AE33C4-BB53-4B3C-8EEC-85C287F7E05F}.Release|Any CPU.Build.0 = Release|Any CPU
		{151C0A67-602F-4F14-B8C4-7D3A59AF5B45}.Debug|Any CPU.ActiveCfg = Debug|Any CPU
		{151C0A67-602F-4F14-B8C4-7D3A59AF5B45}.Debug|Any CPU.Build.0 = Debug|Any CPU
		{151C0A67-602F-4F14-B8C4-7D3A59AF5B45}.Release|Any CPU.ActiveCfg = Release|Any CPU
		{151C0A67-602F-4F14-B8C4-7D3A59AF5B45}.Release|Any CPU.Build.0 = Release|Any CPU
		{DE3CB28E-8B2E-4958-AB7F-E007DB2CA139}.Debug|Any CPU.ActiveCfg = Debug|Any CPU
		{DE3CB28E-8B2E-4958-AB7F-E007DB2CA139}.Debug|Any CPU.Build.0 = Debug|Any CPU
		{DE3CB28E-8B2E-4958-AB7F-E007DB2CA139}.Release|Any CPU.ActiveCfg = Release|Any CPU
		{DE3CB28E-8B2E-4958-AB7F-E007DB2CA139}.Release|Any CPU.Build.0 = Release|Any CPU
	EndGlobalSection
	GlobalSection(SolutionProperties) = preSolution
		HideSolutionNode = FALSE
	EndGlobalSection
	GlobalSection(ExtensibilityGlobals) = postSolution
		SolutionGuid = {4A758A5D-A032-4513-B2CC-63FC087B6CB6}
	EndGlobalSection
EndGlobal
